version = 1
revision = 3
requires-python = ">=3.13"

[[package]]
name = "athletics"
version = "0.1.0"
source = { virtual = "." }
dependencies = [
    { name = "spire-pdf" },
]

[package.metadata]
requires-dist = [{ name = "spire-pdf", specifier = ">=11.9.0" }]

[[package]]
name = "plum-dispatch"
version = "1.7.4"
source = { registry = "https://pypi.org/simple" }
sdist = { url = "https://files.pythonhosted.org/packages/39/4e/f4d6b2bd80a9880989d37773f0f2e3a91a2d5352732e4ebb68b5606bca83/plum-dispatch-1.7.4.tar.gz", hash = "sha256:1c1d15b2842b5fa98405fd3dff6fad4887bdc77b60bd200e209d76ebfe9990fe", size = 56429, upload-time = "2022-10-21T06:29:20.747Z" }
wheels = [
    { url = "https://files.pythonhosted.org/packages/e6/b6/3aaa985591c63da64c7bd8c5f470442a4c00b37ad3ed057f21de14174f83/plum_dispatch-1.7.4-py3-none-any.whl", hash = "sha256:c40dbeab269bbbf972ce0dbc078380da19ebaee1a370a2c564e1814a11bde216", size = 24238, upload-time = "2022-10-21T06:29:19.054Z" },
]

[[package]]
name = "spire-pdf"
version = "11.9.0"
source = { registry = "https://pypi.org/simple" }
dependencies = [
    { name = "plum-dispatch" },
]
wheels = [
    { url = "https://files.pythonhosted.org/packages/32/c5/82b898c594d46c81271a66b72375f4dffe68a3e4ff86561b68f1207933b9/spire_pdf-11.9.0-py3-none-macosx_10_7_universal.whl", hash = "sha256:3bd6e2c8d7d7f7e0fff983f83102998cfcbfaad92983f2acc5682e8c07a95747", size = 52630261, upload-time = "2025-09-05T08:49:28.446Z" },
    { url = "https://files.pythonhosted.org/packages/91/2a/0a42663dfdbd9556975d379019a38f18463359a08c8b837e75a638faa89b/spire_pdf-11.9.0-py3-none-manylinux2014_aarch64.whl", hash = "sha256:7ef13daebe2db0346fd78c4e507a2c4a6ca824f7aa1f6207fb7bfb4a8dda670b", size = 25541119, upload-time = "2025-09-05T08:49:36.965Z" },
    { url = "https://files.pythonhosted.org/packages/fe/c4/07399b7921f00ece52ed971fb0ff4e65548d0428d0780d2c0178b984daae/spire_pdf-11.9.0-py3-none-manylinux_2_31_x86_64.whl", hash = "sha256:de1c63534c3004f67ea129719c6af2af7c2d045125561fde784c362f17c03023", size = 42405625, upload-time = "2025-09-05T08:49:46.844Z" },
    { url = "https://files.pythonhosted.org/packages/4b/f3/c6b0f7aa0da72434b22c89c81e3c8b43949885fa34e0ee7ffa06bdd73fb7/spire_pdf-11.9.0-py3-none-win_amd64.whl", hash = "sha256:28e904d4d016abdaed3a5f0f83d8db02a9c6aae9d4ed24102c5feb48770dafa9", size = 28154309, upload-time = "2025-09-05T08:49:54.781Z" },
]
